cloud.google.com/go v0.123.0 h1:2NAUJwPR47q+E35uaJeYoNhuNEM9kM8SjgRgdeOJUSE=
cloud.google.com/go v0.123.0/go.mod h1:xBoMV08QcqUGuPW65Qfm1o9Y4zKZBpGS+7bImXLTAZU=
github.com/MarkRosemaker/errpath v0.0.0-20260425165607-bbd4959d04d9 h1:z9JAM7/nPytzu4NSjcqt+5OXmAfhS2jNxyW/yNGd1yQ=
github.com/MarkRosemaker/errpath v0.0.0-20260425165607-bbd4959d04d9/go.mod h1:VnXpUlsS3n1gSToedcQl2FCARGoA16CyitbCanUIv+I=
github.com/MarkRosemaker/json2yaml v0.0.0-20260507220148-d6cc0d01bff0 h1:9GB1anTC/7DR/G5LEUIQ4Ejn9lGt/YLlSzbycHEUKs0=
github.com/MarkRosemaker/json2yaml v0.0.0-20260507220148-d6cc0d01bff0/go.mod h1:SNnMfdX8qWy8+LhVMwvJU1CxWj6/HWeEh1jFREniPXg=
github.com/MarkRosemaker/jsonutil v0.0.0-20260711150620-2c4effbbee69 h1:fIrg78U9dw4JPzK1WWvLYpbgyjbSvAiXE7OeHKidS44=
github.com/MarkRosemaker/jsonutil v0.0.0-20260711150620-2c4effbbee69/go.mod h1:1G6zbTPTdPOnBs2iLOpq3WzCFi3Gq3Y5rFOIPWst9C8=
github.com/MarkRosemaker/openapi v0.0.0-20260711160243-a0d222d761ea h1:zX7XooP93V1ob8aWIKh5XWg7buw3P8DBezs/sUKVw1Y=
github.com/MarkRosemaker/openapi v0.0.0-20260711160243-a0d222d761ea/go.mod h1:ksfMchsT6i/qshmk2gQJjsFLj9jygkl64NPOHyrEKWU=
github.com/MarkRosemaker/openapi-codegen v0.0.0-20260711161946-6989b1358989 h1:JCZGyvMnGCG+g/LE6qAKPTQQqHJuf/PD8lAYyE82Bpg=
github.com/MarkRosemaker/openapi-codegen v0.0.0-20260711161946-6989b1358989/go.mod h1:NZY/a5G+ALBcTwc12Tuemepm1P8cHYBYf9A+tw26d88=
github.com/MarkRosemaker/openapi-compress v0.0.0-20260711161645-0956df98d89b h1:Nx1YFRYrfJdezHwnuDKwjePQvWLlyJQBng8e7DRRdEE=
github.com/MarkRosemaker/openapi-compress v0.0.0-20260711161645-0956df98d89b/go.mod h1:0sO5DodMv9vSHhgDflJ6om+eMJScYV/RdO8Ed+ILL4Y=
github.com/MarkRosemaker/openapi-enrich v0.0.0-20260711160924-44e614fcfa23 h1:ujvZSKwrgfqfDv+cJqRTGcVfw/TeXBQ+SdchjOMCuxM=
github.com/MarkRosemaker/openapi-enrich v0.0.0-20260711160924-44e614fcfa23/go.mod h1:jtAvP22pSS3pkDg+tffhym9IaqAqV7wsEEUQK4NDs/Y=
github.com/MarkRosemaker/openapi-flatten v0.0.0-20260711161306-ae0a4d931096 h1:H1mrRQJt1UrT01+TtZYUp+s5V8n9zlRyvirqN8uhWbk=
github.com/MarkRosemaker/openapi-flatten v0.0.0-20260711161306-ae0a4d931096/go.mod h1:sX1eqefUbvosoR6C7KSW54emgAVbPtgNf0R6a12czVo=
github.com/MarkRosemaker/openapi-merge v0.0.0-20260711160308-379cd0b76244 h1:qnPLlMD01ckGXgsr+7kjhmYEdYS/pwt1hTAbUrqiaYo=
github.com/MarkRosemaker/openapi-merge v0.0.0-20260711160308-379cd0b76244/go.mod h1:2GUXGL7Xwj9i4qHH7BAIP5Ex7ThIOu7fna3H6f4fYEk=
github.com/MarkRosemaker/ordmap v0.0.0-20260709220058-a44b93c1cb2e h1:dzSZpLp9ioJcvUUy8bpPzaaCDqkzV5z6P9XNaFZ1XEQ=
github.com/MarkRosemaker/ordmap v0.0.0-20260709220058-a44b93c1cb2e/go.mod h1:Xu83lOv44M164luOjYyIPu/9J3jwtI+ETXmm8EkW2TQ=
github.com/MarkRosemaker/yaml v0.0.0-20260508005758-fe21a538b084 h1:ANUVXeLrgCDf2HZuqprb4BK2ZJC/HSGENaTo+Pp3zaM=
github.com/MarkRosemaker/yaml v0.0.0-20260508005758-fe21a538b084/go.mod h1:SDtV3o7QG3ZBjgjPe9PLGQEp5pxKgP+lmXvQRrKNhuI=
github.com/MarkRosemaker/yaml2json v0.0.0-20260507220136-7748efc522b2 h1:dEXAUQ4vLk1WNFTMx36HMYSn5cIjtQFReB9+0GX6QFU=
github.com/MarkRosemaker/yaml2json v0.0.0-20260507220136-7748efc522b2/go.mod h1:8s2Ukgy4JjwYPcdig9dl2SbP5L+/wX4MNIvbqLhEWpk=
github.com/ettle/strcase v0.2.0 h1:fGNiVF21fHXpX1niBgk0aROov1LagYsOwV/xqKDKR/Q=
github.com/ettle/strcase v0.2.0/go.mod h1:DajmHElDSaX76ITe3/VHVyMin4LWSJN5Z909Wp+ED1A=
github.com/go-api-libs/api v0.0.0-20260705004954-dad48fbb4ab2 h1:k5nmHR2NVSpTB+mqbdeVo53ErdoG1senoACPxMaXE7c=
github.com/go-api-libs/api v0.0.0-20260705004954-dad48fbb4ab2/go.mod h1:zxEwsD19APvwWpkkntPl0vFWzayct/iPIaYFwIu0tRs=
github.com/go-api-libs/types v0.0.0-20251210072721-82754f56609d h1:OihMUySw53Oy0DTnE1CAfQ6YkX5/NBaS8Vc2Ww4T56Y=
github.com/go-api-libs/types v0.0.0-20251210072721-82754f56609d/go.mod h1:tJx9kzXjCU+mT7BzZvqg149HnZiHmr8JvbFWsvm5vp0=
github.com/go-quicktest/qt v1.102.0 h1:HSQxCeh5YZH3EL3W39ixjtyaEhcWSXQHtHnMBzSs474=
github.com/go-quicktest/qt v1.102.0/go.mod h1:p4lGIVX+8Wa6ZPNDvqcxq36XpUDLh42FLetFU7odllI=
github.com/google/go-cmp v0.7.0 h1:wk8382ETsv4JYUZwIsn6YpYiWiBsYLSJiTsyBybVuN8=
github.com/google/go-cmp v0.7.0/go.mod h1:pXiqmnSA92OHEEa9HXL2W4E7lf9JzCmGVUdgjX3N/iU=
github.com/google/uuid v1.6.0 h1:NIvaJDMOsjHA8n1jAhLSgzrAzy1Hgr+hNrb57e+94F0=
github.com/google/uuid v1.6.0/go.mod h1:TIyPZe4MgqvfeYDBFedMoGGpEw/LqOeaOT+nhxU+yHo=
github.com/kr/pretty v0.3.1 h1:flRD4NNwYAUpkphVc1HcthR4KEIFJ65n8Mw5qdRn3LE=
github.com/kr/pretty v0.3.1/go.mod h1:hoEshYVHaxMs3cyo3Yncou5ZscifuDolrwPKZanG3xk=
github.com/kr/text v0.2.0 h1:5Nx0Ya0ZqY2ygV366QzturHI13Jq95ApcVaJBhpS+AY=
github.com/kr/text v0.2.0/go.mod h1:eLer722TekiGuMkidMxC/pM04lWEeraHUUmBw8l2grE=
github.com/rogpeppe/go-internal v1.14.1 h1:UQB4HGPB6osV0SQTLymcB4TgvyWu6ZyliaW0tI/otEQ=
github.com/rogpeppe/go-internal v1.14.1/go.mod h1:MaRKkUm5W0goXpeCfT7UZI6fk/L7L7so1lCWt35ZSgc=
github.com/spf13/afero v1.15.0 h1:b/YBCLWAJdFWJTN9cLhiXXcD7mzKn9Dm86dNnfyQw1I=
github.com/spf13/afero v1.15.0/go.mod h1:NC2ByUVxtQs4b3sIUphxK0NioZnmxgyCrfzeuq8lxMg=
golang.org/x/exp v0.0.0-20260709172345-9ea1abe57597 h1:qLvzZeaANDgyVOA8pyHCOStGlXn0rseXma+GQjeuv2g=
golang.org/x/exp v0.0.0-20260709172345-9ea1abe57597/go.mod h1:EdfpwwqSu+0Li0mzskwHU6FWDV3t9Q+RZDo3QMUtL3Q=
golang.org/x/mod v0.38.0 h1:MECBjubtXD7yj4HrhIUcywNaGeNVUdfVnxmPajOk4yk=
golang.org/x/mod v0.38.0/go.mod h1:V6Xz0pq8TQ3dGqVQ1FVHuelZpAL0uNhSkk9ogYP3c40=
golang.org/x/sync v0.22.0 h1:SZjpbeLmrCk4xhRSZFNZW5gFUeCeFgjekvI/+gfScek=
golang.org/x/sync v0.22.0/go.mod h1:9xrNwdLfx4jkKbNva9FpL6vEN7evnE43NNNJQ2LF3+0=
golang.org/x/text v0.40.0 h1:Ub2Z6/xjgF1WrYQz2nuITOEegKFtiIy+rieRJ5lHZKs=
golang.org/x/text v0.40.0/go.mod h1:hpnzDAfGV753zIKo+wk3u1bVKCGPbrnF7+7LBF/UHVY=
golang.org/x/tools v0.48.0 h1:3+hClM1aLL5mjMKm5ovokw9epgRXPuu2tILgismM6RE=
golang.org/x/tools v0.48.0/go.mod h1:08xX0orndb/F7jJxGDicx061tyd5pcMto75YMAXr6lk=
gopkg.in/check.v1 v0.0.0-20161208181325-20d25e280405/go.mod h1:Co6ibVJAznAaIkqp8huTwlJQCZ016jof/cbN4VW5Yz0=
gopkg.in/check.v1 v1.0.0-20201130134442-10cb98267c6c h1:Hei/4ADfdWqJk1ZMxUNpqntNwaWcugrBjAiHlqqRiVk=
gopkg.in/check.v1 v1.0.0-20201130134442-10cb98267c6c/go.mod h1:JHkPIbrfpd72SG/EVd6muEfDQjcINNoR0C8j2r3qZ4Q=
gopkg.in/yaml.v3 v3.0.1 h1:fxVm/GzAzEWqLHuvctI91KS9hhNmmWOoWu0XTYJS7CA=
gopkg.in/yaml.v3 v3.0.1/go.mod h1:K4uyk7z7BCEPqu6E+C64Yfv1cQ7kz7rIZviUmN+EgEM=
mvdan.cc/gofumpt v0.10.0 h1:yGGpRS2pBN2OQIi7b21IXknJna7faPkFaVfHLrN6Euo=
mvdan.cc/gofumpt v0.10.0/go.mod h1:sU2ElXHzOEmvoPqfutYG7uunlueR4K2T1JFml40SzP4=
