cloud.google.com/go v0.123.0 h1:2NAUJwPR47q+E35uaJeYoNhuNEM9kM8SjgRgdeOJUSE=
cloud.google.com/go v0.123.0/go.mod h1:xBoMV08QcqUGuPW65Qfm1o9Y4zKZBpGS+7bImXLTAZU=
github.com/MarkRosemaker/errpath v0.0.0-20260425165607-bbd4959d04d9 h1:z9JAM7/nPytzu4NSjcqt+5OXmAfhS2jNxyW/yNGd1yQ=
github.com/MarkRosemaker/errpath v0.0.0-20260425165607-bbd4959d04d9/go.mod h1:VnXpUlsS3n1gSToedcQl2FCARGoA16CyitbCanUIv+I=
github.com/MarkRosemaker/json2yaml v0.0.0-20260507220148-d6cc0d01bff0 h1:9GB1anTC/7DR/G5LEUIQ4Ejn9lGt/YLlSzbycHEUKs0=
github.com/MarkRosemaker/json2yaml v0.0.0-20260507220148-d6cc0d01bff0/go.mod h1:SNnMfdX8qWy8+LhVMwvJU1CxWj6/HWeEh1jFREniPXg=
github.com/MarkRosemaker/jsonutil v0.0.0-20260706231607-d613fb825b72 h1:wcZFjXTIIv04kWgwIZABhPoiPQ1aNxoLbxNDe0rLunk=
github.com/MarkRosemaker/jsonutil v0.0.0-20260706231607-d613fb825b72/go.mod h1:1G6zbTPTdPOnBs2iLOpq3WzCFi3Gq3Y5rFOIPWst9C8=
github.com/MarkRosemaker/openapi v0.0.0-20260706231712-1c391d684de9 h1:JejMFdrJFyS4ccLIn5UfyK9AjSyIJF3lDSN52KM5EUo=
github.com/MarkRosemaker/openapi v0.0.0-20260706231712-1c391d684de9/go.mod h1:8pdgwBsDlynlYL+fcMVYG80suO7tGq3d/RlmFBe0LqI=
github.com/MarkRosemaker/openapi-codegen v0.0.0-20260707041209-6f023a69a50a h1:DeordwTCQCV57iL0HeRmTi1zf3qnrgLn/o2VkA75xQg=
github.com/MarkRosemaker/openapi-codegen v0.0.0-20260707041209-6f023a69a50a/go.mod h1:cD1Jrxkrl0WS2Yp8qCLZBP2lUO/8HBuNOhq/Rkuardk=
github.com/MarkRosemaker/openapi-compress v0.0.0-20260706221130-52c236b34290 h1:OGJugDLDer5Gj3w/2rUPMeombCOzYbEibGDDHXJeDq8=
github.com/MarkRosemaker/openapi-compress v0.0.0-20260706221130-52c236b34290/go.mod h1:BEnrQJzfrv97NR1QKt/1jsuA43yCqz1XQA+uzjcHT4E=
github.com/MarkRosemaker/openapi-enrich v0.0.0-20260706233507-9788ea9027dd h1:Ry2CRhMqlOyxhLbvks3OusOb+8fDMOuFrZgezQ6+EMc=
github.com/MarkRosemaker/openapi-enrich v0.0.0-20260706233507-9788ea9027dd/go.mod h1:rBhUrxAiPh+4XCJ7jRWWY/PS6njC6doUNhylW81H75c=
github.com/MarkRosemaker/openapi-flatten v0.0.0-20260707040606-5cbc13f80769 h1:55pwtTtwndBE+QWFblYsUgYKSVEJGmIkJ4ibEVixU3M=
github.com/MarkRosemaker/openapi-flatten v0.0.0-20260707040606-5cbc13f80769/go.mod h1:nsz2nleQ79W5vIatN6Uyk0GYdQHVCZbNFGt69H0ztXc=
github.com/MarkRosemaker/openapi-merge v0.0.0-20260706232523-62123f9ec30f h1:BrxatPAu92ni6L2XJ/MqL9uXTpSXjiiYP4AfIAWURIg=
github.com/MarkRosemaker/openapi-merge v0.0.0-20260706232523-62123f9ec30f/go.mod h1:0yBLWtfZgv13Czzt/4bIvfq38yaBVwVhQO6nyFDmkRI=
github.com/MarkRosemaker/ordmap v0.0.0-20260611220112-724580dd2bee h1:2Sk66WbcOUkNzpZ9qXVFrh+kRxz0fRrkEhbyQvdo7So=
github.com/MarkRosemaker/ordmap v0.0.0-20260611220112-724580dd2bee/go.mod h1:rivRPvSgt2+WYbtsTPwQLLIIXkXLIAyXeketK1Tec7M=
github.com/MarkRosemaker/yaml v0.0.0-20260508005758-fe21a538b084 h1:ANUVXeLrgCDf2HZuqprb4BK2ZJC/HSGENaTo+Pp3zaM=
github.com/MarkRosemaker/yaml v0.0.0-20260508005758-fe21a538b084/go.mod h1:SDtV3o7QG3ZBjgjPe9PLGQEp5pxKgP+lmXvQRrKNhuI=
github.com/MarkRosemaker/yaml2json v0.0.0-20260507220136-7748efc522b2 h1:dEXAUQ4vLk1WNFTMx36HMYSn5cIjtQFReB9+0GX6QFU=
github.com/MarkRosemaker/yaml2json v0.0.0-20260507220136-7748efc522b2/go.mod h1:8s2Ukgy4JjwYPcdig9dl2SbP5L+/wX4MNIvbqLhEWpk=
github.com/ettle/strcase v0.2.0 h1:fGNiVF21fHXpX1niBgk0aROov1LagYsOwV/xqKDKR/Q=
github.com/ettle/strcase v0.2.0/go.mod h1:DajmHElDSaX76ITe3/VHVyMin4LWSJN5Z909Wp+ED1A=
github.com/go-api-libs/api v0.0.0-20260705004954-dad48fbb4ab2 h1:k5nmHR2NVSpTB+mqbdeVo53ErdoG1senoACPxMaXE7c=
github.com/go-api-libs/api v0.0.0-20260705004954-dad48fbb4ab2/go.mod h1:zxEwsD19APvwWpkkntPl0vFWzayct/iPIaYFwIu0tRs=
github.com/go-api-libs/types v0.0.0-20251210072721-82754f56609d h1:OihMUySw53Oy0DTnE1CAfQ6YkX5/NBaS8Vc2Ww4T56Y=
github.com/go-api-libs/types v0.0.0-20251210072721-82754f56609d/go.mod h1:tJx9kzXjCU+mT7BzZvqg149HnZiHmr8JvbFWsvm5vp0=
github.com/go-quicktest/qt v1.102.0 h1:HSQxCeh5YZH3EL3W39ixjtyaEhcWSXQHtHnMBzSs474=
github.com/go-quicktest/qt v1.102.0/go.mod h1:p4lGIVX+8Wa6ZPNDvqcxq36XpUDLh42FLetFU7odllI=
github.com/google/go-cmp v0.7.0 h1:wk8382ETsv4JYUZwIsn6YpYiWiBsYLSJiTsyBybVuN8=
github.com/google/go-cmp v0.7.0/go.mod h1:pXiqmnSA92OHEEa9HXL2W4E7lf9JzCmGVUdgjX3N/iU=
github.com/google/uuid v1.6.0 h1:NIvaJDMOsjHA8n1jAhLSgzrAzy1Hgr+hNrb57e+94F0=
github.com/google/uuid v1.6.0/go.mod h1:TIyPZe4MgqvfeYDBFedMoGGpEw/LqOeaOT+nhxU+yHo=
github.com/kr/pretty v0.3.1 h1:flRD4NNwYAUpkphVc1HcthR4KEIFJ65n8Mw5qdRn3LE=
github.com/kr/pretty v0.3.1/go.mod h1:hoEshYVHaxMs3cyo3Yncou5ZscifuDolrwPKZanG3xk=
github.com/kr/text v0.2.0 h1:5Nx0Ya0ZqY2ygV366QzturHI13Jq95ApcVaJBhpS+AY=
github.com/kr/text v0.2.0/go.mod h1:eLer722TekiGuMkidMxC/pM04lWEeraHUUmBw8l2grE=
github.com/rogpeppe/go-internal v1.14.1 h1:UQB4HGPB6osV0SQTLymcB4TgvyWu6ZyliaW0tI/otEQ=
github.com/rogpeppe/go-internal v1.14.1/go.mod h1:MaRKkUm5W0goXpeCfT7UZI6fk/L7L7so1lCWt35ZSgc=
github.com/spf13/afero v1.15.0 h1:b/YBCLWAJdFWJTN9cLhiXXcD7mzKn9Dm86dNnfyQw1I=
github.com/spf13/afero v1.15.0/go.mod h1:NC2ByUVxtQs4b3sIUphxK0NioZnmxgyCrfzeuq8lxMg=
golang.org/x/exp v0.0.0-20260611194520-c48552f49976 h1:X8Hz2ImujgbmetVuW+w2YkyZChE3cBpZi2P158rTG9M=
golang.org/x/exp v0.0.0-20260611194520-c48552f49976/go.mod h1:vnf4pv9iKZXY58sQE1L86zmNWJ4159e1RkcWiLCkeEY=
golang.org/x/mod v0.37.0 h1:vF1DjpVEshcIqoEaauuHebaLk1O1forxjxBaVn884JQ=
golang.org/x/mod v0.37.0/go.mod h1:m8S8VeM9r4dzDwjrKO0a1sZP3YjeMamRRlD+fmR2Q/0=
golang.org/x/sync v0.21.0 h1:HLII4xRRTtCRkxYp4HNFF0Js/Og6q2i++KXbg0gHCwM=
golang.org/x/sync v0.21.0/go.mod h1:9xrNwdLfx4jkKbNva9FpL6vEN7evnE43NNNJQ2LF3+0=
golang.org/x/text v0.39.0 h1:UbZz4pLOvn600D6Oh6GGEI6VAmndrEBLv8/6BEXzyus=
golang.org/x/text v0.39.0/go.mod h1:3UwRclnC2g0TU9x8PZiyfOajCd1zaUNHF9cvqcQZ+ZM=
golang.org/x/tools v0.47.0 h1:7Kn5x/d1svx/PzryTsqeoZN4TZwqeH5pGWjefhLi/1Q=
golang.org/x/tools v0.47.0/go.mod h1:dFHnyTvFWY212G+h7ZY4Vsp/K3U4/7W9TyVaAul8uCA=
gopkg.in/check.v1 v0.0.0-20161208181325-20d25e280405/go.mod h1:Co6ibVJAznAaIkqp8huTwlJQCZ016jof/cbN4VW5Yz0=
gopkg.in/check.v1 v1.0.0-20201130134442-10cb98267c6c h1:Hei/4ADfdWqJk1ZMxUNpqntNwaWcugrBjAiHlqqRiVk=
gopkg.in/check.v1 v1.0.0-20201130134442-10cb98267c6c/go.mod h1:JHkPIbrfpd72SG/EVd6muEfDQjcINNoR0C8j2r3qZ4Q=
gopkg.in/yaml.v3 v3.0.1 h1:fxVm/GzAzEWqLHuvctI91KS9hhNmmWOoWu0XTYJS7CA=
gopkg.in/yaml.v3 v3.0.1/go.mod h1:K4uyk7z7BCEPqu6E+C64Yfv1cQ7kz7rIZviUmN+EgEM=
mvdan.cc/gofumpt v0.10.0 h1:yGGpRS2pBN2OQIi7b21IXknJna7faPkFaVfHLrN6Euo=
mvdan.cc/gofumpt v0.10.0/go.mod h1:sU2ElXHzOEmvoPqfutYG7uunlueR4K2T1JFml40SzP4=
